// !$*UTF8*$!
{
	archiveVersion = 1;
	classes = {
	};
	objectVersion = 50;
	objects = {

/* Begin PBXBuildFile section */
		F8B04FA024F235BD0029D6C7 /* AppDelegate.swift in Sources */ = {isa = PBXBuildFile; fileRef = F8B04F9F24F235BD0029D6C7 /* AppDelegate.swift */; };
		F8B04FA224F235BD0029D6C7 /* SceneDelegate.swift in Sources */ = {isa = PBXBuildFile; fileRef = F8B04FA124F235BD0029D6C7 /* SceneDelegate.swift */; };
		F8B04FA424F235BD0029D6C7 /* ViewController.swift in Sources */ = {isa = PBXBuildFile; fileRef = F8B04FA324F235BD0029D6C7 /* ViewController.swift */; };
		F8B04FA724F235BD0029D6C7 /* Main.storyboard in Resources */ = {isa = PBXBuildFile; fileRef = F8B04FA524F235BD0029D6C7 /* Main.storyboard */; };
		F8B04FA924F235BF0029D6C7 /* Assets.xcassets in Resources */ = {isa = PBXBuildFile; fileRef = F8B04FA824F235BF0029D6C7 /* Assets.xcassets */; };
		F8B04FAC24F235BF0029D6C7 /* LaunchScreen.storyboard in Resources */ = {isa = PBXBuildFile; fileRef = F8B04FAA24F235BF0029D6C7 /* LaunchScreen.storyboard */; };
		F8B04FB424F23AE00029D6C7 /* EntryViewController.swift in Sources */ = {isa = PBXBuildFile; fileRef = F8B04FB324F23AE00029D6C7 /* EntryViewController.swift */; };
		F8B04FB624F23AFF0029D6C7 /* TasksViewController.swift in Sources */ = {isa = PBXBuildFile; fileRef = F8B04FB524F23AFF0029D6C7 /* TasksViewController.swift */; };
/* End PBXBuildFile section */

/* Begin PBXFileReference section */
		F8B04F9C24F235BD0029D6C7 /* TodoListApp.app */ = {isa = PBXFileReference; explicitFileType = wrapper.application; includeInIndex = 0; path = TodoListApp.app; sourceTree = BUILT_PRODUCTS_DIR; };
		F8B04F9F24F235BD0029D6C7 /* AppDelegate.swift */ = {isa = PBXFileReference; lastKnownFileType = sourcecode.swift; path = AppDelegate.swift; sourceTree = "<group>"; };
		F8B04FA124F235BD0029D6C7 /* SceneDelegate.swift */ = {isa = PBXFileReference; lastKnownFileType = sourcecode.swift; path = SceneDelegate.swift; sourceTree = "<group>"; };
		F8B04FA324F235BD0029D6C7 /* ViewController.swift */ = {isa = PBXFileReference; lastKnownFileType = sourcecode.swift; path = ViewController.swift; sourceTree = "<group>"; };
		F8B04FA624F235BD0029D6C7 /* Base */ = {isa = PBXFileReference; lastKnownFileType = file.storyboard; name = Base; path = Base.lproj/Main.storyboard; sourceTree = "<group>"; };
		F8B04FA824F235BF0029D6C7 /* Assets.xcassets */ = {isa = PBXFileReference; lastKnownFileType = folder.assetcatalog; path = Assets.xcassets; sourceTree = "<group>"; };
		F8B04FAB24F235BF0029D6C7 /* Base */ = {isa = PBXFileReference; lastKnownFileType = file.storyboard; name = Base; path = Base.lproj/LaunchScreen.storyboard; sourceTree = "<group>"; };
		F8B04FAD24F235BF0029D6C7 /* Info.plist */ = {isa = PBXFileReference; lastKnownFileType = text.plist.xml; path = Info.plist; sourceTree = "<group>"; };
		F8B04FB324F23AE00029D6C7 /* EntryViewController.swift */ = {isa = PBXFileReference; lastKnownFileType = sourcecode.swift; path = EntryViewController.swift; sourceTree = "<group>"; };
		F8B04FB524F23AFF0029D6C7 /* TasksViewController.swift */ = {isa = PBXFileReference; lastKnownFileType = sourcecode.swift; path = TasksViewController.swift; sourceTree = "<group>"; };
/* End PBXFileReference section */

/* Begin PBXFrameworksBuildPhase section */
		F8B04F9924F235BD0029D6C7 /* Frameworks */ = {
			isa = PBXFrameworksBuildPhase;
			buildActionMask = 2147483647;
			files = (
			);
			runOnlyForDeploymentPostprocessing = 0;
		};
/* End PBXFrameworksBuildPhase section */

/* Begin PBXGroup section */
		F8B04F9324F235BD0029D6C7 = {
			isa = PBXGroup;
			children = (
				F8B04F9E24F235BD0029D6C7 /* TodoListApp */,
				F8B04F9D24F235BD0029D6C7 /* Products */,
			);
			sourceTree = "<group>";
		};
		F8B04F9D24F235BD0029D6C7 /* Products */ = {
			isa = PBXGroup;
			children = (
				F8B04F9C24F235BD0029D6C7 /* TodoListApp.app */,
			);
			name = Products;
			sourceTree = "<group>";
		};
		F8B04F9E24F235BD0029D6C7 /* TodoListApp */ = {
			isa = PBXGroup;
			children = (
				F8B04F9F24F235BD0029D6C7 /* AppDelegate.swift */,
				F8B04FA124F235BD0029D6C7 /* SceneDelegate.swift */,
				F8B04FA324F235BD0029D6C7 /* ViewController.swift */,
				F8B04FB324F23AE00029D6C7 /* EntryViewController.swift */,
				F8B04FB524F23AFF0029D6C7 /* TasksViewController.swift */,
				F8B04FA524F235BD0029D6C7 /* Main.storyboard */,
				F8B04FA824F235BF0029D6C7 /* Assets.xcassets */,
				F8B04FAA24F235BF0029D6C7 /* LaunchScreen.storyboard */,
				F8B04FAD24F235BF0029D6C7 /* Info.plist */,
			);
			path = TodoListApp;
			sourceTree = "<group>";
		};
/* End PBXGroup section */

/* Begin PBXNativeTarget section */
		F8B04F9B24F235BD0029D6C7 /* TodoListApp */ = {
			isa = PBXNativeTarget;
			buildConfigurationList = F8B04FB024F235BF0029D6C7 /* Build configuration list for PBXNativeTarget "TodoListApp" */;
			buildPhases = (
				F8B04F9824F235BD0029D6C7 /* Sources */,
				F8B04F9924F235BD0029D6C7 /* Frameworks */,
				F8B04F9A24F235BD0029D6C7 /* Resources */,
			);
			buildRules = (
			);
			dependencies = (
			);
			name = TodoListApp;
			productName = TodoListApp;
			productReference = F8B04F9C24F235BD0029D6C7 /* TodoListApp.app */;
			productType = "com.apple.product-type.application";
		};
/* End PBXNativeTarget section */

/* Begin PBXProject section */
		F8B04F9424F235BD0029D6C7 /* Project object */ = {
			isa = PBXProject;
			attributes = {
				LastSwiftUpdateCheck = 1160;
				LastUpgradeCheck = 1160;
				ORGANIZATIONNAME = "Takumi Nozawa";
				TargetAttributes = {
					F8B04F9B24F235BD0029D6C7 = {
						CreatedOnToolsVersion = 11.6;
					};
				};
			};
			buildConfigurationList = F8B04F9724F235BD0029D6C7 /* Build configuration list for PBXProject "TodoListApp" */;
			compatibilityVersion = "Xcode 9.3";
			developmentRegion = en;
			hasScannedForEncodings = 0;
			knownRegions = (
				en,
				Base,
			);
			mainGroup = F8B04F9324F235BD0029D6C7;
			productRefGroup = F8B04F9D24F235BD0029D6C7 /* Products */;
			projectDirPath = "";
			projectRoot = "";
			targets = (
				F8B04F9B24F235BD0029D6C7 /* TodoListApp */,
			);
		};
/* End PBXProject section */

/* Begin PBXResourcesBuildPhase section */
		F8B04F9A24F235BD0029D6C7 /* Resources */ = {
			isa = PBXResourcesBuildPhase;
			buildActionMask = 2147483647;
			files = (
				F8B04FAC24F235BF0029D6C7 /* LaunchScreen.storyboard in Resources */,
				F8B04FA924F235BF0029D6C7 /* Assets.xcassets in Resources */,
				F8B04FA724F235BD0029D6C7 /* Main.storyboard in Resources */,
			);
			runOnlyForDeploymentPostprocessing = 0;
		};
/* End PBXResourcesBuildPhase section */

/* Begin PBXSourcesBuildPhase section */
		F8B04F9824F235BD0029D6C7 /* Sources */ = {
			isa = PBXSourcesBuildPhase;
			buildActionMask = 2147483647;
			files = (
				F8B04FA424F235BD0029D6C7 /* ViewController.swift in Sources */,
				F8B04FB424F23AE00029D6C7 /* EntryViewController.swift in Sources */,
				F8B04FB624F23AFF0029D6C7 /* TasksViewController.swift in Sources */,
				F8B04FA024F235BD0029D6C7 /* AppDelegate.swift in Sources */,
				F8B04FA224F235BD0029D6C7 /* SceneDelegate.swift in Sources */,
			);
			runOnlyForDeploymentPostprocessing = 0;
		};
/* End PBXSourcesBuildPhase section */

/* Begin PBXVariantGroup section */
		F8B04FA524F235BD0029D6C7 /* Main.storyboard */ = {
			isa = PBXVariantGroup;
			children = (
				F8B04FA624F235BD0029D6C7 /* Base */,
			);
			name = Main.storyboard;
			sourceTree = "<group>";
		};
		F8B04FAA24F235BF0029D6C7 /* LaunchScreen.storyboard */ = {
			isa = PBXVariantGroup;
			children = (
				F8B04FAB24F235BF0029D6C7 /* Base */,
			);
			name = LaunchScreen.storyboard;
			sourceTree = "<group>";
		};
/* End PBXVariantGroup section */

/* Begin XCBuildConfiguration section */
		F8B04FAE24F235BF0029D6C7 /* Debug */ = {
			isa = XCBuildConfiguration;
			buildSettings = {
				ALWAYS_SEARCH_USER_PATHS = NO;
				CLANG_ANALYZER_NONNULL = YES;
				CLANG_ANALYZER_NUMBER_OBJECT_CONVERSION = YES_AGGRESSIVE;
				CLANG_CXX_LANGUAGE_STANDARD = "gnu++14";
				CLANG_CXX_LIBRARY = "libc++";
				CLANG_ENABLE_MODULES = YES;
				CLANG_ENABLE_OBJC_ARC = YES;
				CLANG_ENABLE_OBJC_WEAK = YES;
				CLANG_WARN_BLOCK_CAPTURE_AUTORELEASING = YES;
				CLANG_WARN_BOOL_CONVERSION = YES;
				CLANG_WARN_COMMA = YES;
				CLANG_WARN_CONSTANT_CONVERSION = YES;
				CLANG_WARN_DEPRECATED_OBJC_IMPLEMENTATIONS = YES;
				CLANG_WARN_DIRECT_OBJC_ISA_USAGE = YES_ERROR;
				CLANG_WARN_DOCUMENTATION_COMMENTS = YES;
				CLANG_WARN_EMPTY_BODY = YES;
				CLANG_WARN_ENUM_CONVERSION = YES;
				CLANG_WARN_INFINITE_RECURSION = YES;
				CLANG_WARN_INT_CONVERSION = YES;
				CLANG_WARN_NON_LITERAL_NULL_CONVERSION = YES;
				CLANG_WARN_OBJC_IMPLICIT_RETAIN_SELF = YES;
				CLANG_WARN_OBJC_LITERAL_CONVERSION = YES;
				CLANG_WARN_OBJC_ROOT_CLASS = YES_ERROR;
				CLANG_WARN_RANGE_LOOP_ANALYSIS = YES;
				CLANG_WARN_STRICT_PROTOTYPES = YES;
				CLANG_WARN_SUSPICIOUS_MOVE = YES;
				CLANG_WARN_UNGUARDED_AVAILABILITY = YES_AGGRESSIVE;
				CLANG_WARN_UNREACHABLE_CODE = YES;
				CLANG_WARN__DUPLICATE_METHOD_MATCH = YES;
				COPY_PHASE_STRIP = NO;
				DEBUG_INFORMATION_FORMAT = dwarf;
				ENABLE_STRICT_OBJC_MSGSEND = YES;
				ENABLE_TESTABILITY = YES;
				GCC_C_LANGUAGE_STANDARD = gnu11;
				GCC_DYNAMIC_NO_PIC = NO;
				GCC_NO_COMMON_BLOCKS = YES;
				GCC_OPTIMIZATION_LEVEL = 0;
				GCC_PREPROCESSOR_DEFINITIONS = (
					"DEBUG=1",
					"$(inherited)",
				);
				GCC_WARN_64_TO_32_BIT_CONVERSION = YES;
				GCC_WARN_ABOUT_RETURN_TYPE = YES_ERROR;
				GCC_WARN_UNDECLARED_SELECTOR = YES;
				GCC_WARN_UNINITIALIZED_AUTOS = YES_AGGRESSIVE;
				GCC_WARN_UNUSED_FUNCTION = YES;
				GCC_WARN_UNUSED_VARIABLE = YES;
				IPHONEOS_DEPLOYMENT_TARGET = 13.6;
				MTL_ENABLE_DEBUG_INFO = INCLUDE_SOURCE;
				MTL_FAST_MATH = YES;
				ONLY_ACTIVE_ARCH = YES;
				SDKROOT = iphoneos;
				SWIFT_ACTIVE_COMPILATION_CONDITIONS = DEBUG;
				SWIFT_OPTIMIZATION_LEVEL = "-Onone";
			};
			name = Debug;
		};
		F8B04FAF24F235BF0029D6C7 /* Release */ = {
			isa = XCBuildConfiguration;
			buildSettings = {
				ALWAYS_SEARCH_USER_PATHS = NO;
				CLANG_ANALYZER_NONNULL = YES;
				CLANG_ANALYZER_NUMBER_OBJECT_CONVERSION = YES_AGGRESSIVE;
				CLANG_CXX_LANGUAGE_STANDARD = "gnu++14";
				CLANG_CXX_LIBRARY = "libc++";
				CLANG_ENABLE_MODULES = YES;
				CLANG_ENABLE_OBJC_ARC = YES;
				CLANG_ENABLE_OBJC_WEAK = YES;
				CLANG_WARN_BLOCK_CAPTURE_AUTORELEASING = YES;
				CLANG_WARN_BOOL_CONVERSION = YES;
				CLANG_WARN_COMMA = YES;
				CLANG_WARN_CONSTANT_CONVERSION = YES;
				CLANG_WARN_DEPRECATED_OBJC_IMPLEMENTATIONS = YES;
				CLANG_WARN_DIRECT_OBJC_ISA_USAGE = YES_ERROR;
				CLANG_WARN_DOCUMENTATION_COMMENTS = YES;
				CLANG_WARN_EMPTY_BODY = YES;
				CLANG_WARN_ENUM_CONVERSION = YES;
				CLANG_WARN_INFINITE_RECURSION = YES;
				CLANG_WARN_INT_CONVERSION = YES;
				CLANG_WARN_NON_LITERAL_NULL_CONVERSION = YES;
				CLANG_WARN_OBJC_IMPLICIT_RETAIN_SELF = YES;
				CLANG_WARN_OBJC_LITERAL_CONVERSION = YES;
				CLANG_WARN_OBJC_ROOT_CLASS = YES_ERROR;
				CLANG_WARN_RANGE_LOOP_ANALYSIS = YES;
				CLANG_WARN_STRICT_PROTOTYPES = YES;
				CLANG_WARN_SUSPICIOUS_MOVE = YES;
				CLANG_WARN_UNGUARDED_AVAILABILITY = YES_AGGRESSIVE;
				CLANG_WARN_UNREACHABLE_CODE = YES;
				CLANG_WARN__DUPLICATE_METHOD_MATCH = YES;
				COPY_PHASE_STRIP = NO;
				DEBUG_INFORMATION_FORMAT = "dwarf-with-dsym";
				ENABLE_NS_ASSERTIONS = NO;
				ENABLE_STRICT_OBJC_MSGSEND = YES;
				GCC_C_LANGUAGE_STANDARD = gnu11;
				GCC_NO_COMMON_BLOCKS = YES;
				GCC_WARN_64_TO_32_BIT_CONVERSION = YES;
				GCC_WARN_ABOUT_RETURN_TYPE = YES_ERROR;
				GCC_WARN_UNDECLARED_SELECTOR = YES;
				GCC_WARN_UNINITIALIZED_AUTOS = YES_AGGRESSIVE;
				GCC_WARN_UNUSED_FUNCTION = YES;
				GCC_WARN_UNUSED_VARIABLE = YES;
				IPHONEOS_DEPLOYMENT_TARGET = 13.6;
				MTL_ENABLE_DEBUG_INFO = NO;
				MTL_FAST_MATH = YES;
				SDKROOT = iphoneos;
				SWIFT_COMPILATION_MODE = wholemodule;
				SWIFT_OPTIMIZATION_LEVEL = "-O";
				VALIDATE_PRODUCT = YES;
			};
			name = Release;
		};
		F8B04FB124F235BF0029D6C7 /* Debug */ = {
			isa = XCBuildConfiguration;
			buildSettings = {
				ASSETCATALOG_COMPILER_APPICON_NAME = AppIcon;
				CODE_SIGN_STYLE = Automatic;
				DEVELOPMENT_TEAM = GBKPZ52HJ9;
				INFOPLIST_FILE = TodoListApp/Info.plist;
				LD_RUNPATH_SEARCH_PATHS = (
					"$(inherited)",
					"@executable_path/Frameworks",
				);
				PRODUCT_BUNDLE_IDENTIFIER = com.zawawa.TodoListApp;
				PRODUCT_NAME = "$(TARGET_NAME)";
				SWIFT_VERSION = 5.0;
				TARGETED_DEVICE_FAMILY = "1,2";
			};
			name = Debug;
		};
		F8B04FB224F235BF0029D6C7 /* Release */ = {
			isa = XCBuildConfiguration;
			buildSettings = {
				ASSETCATALOG_COMPILER_APPICON_NAME = AppIcon;
				CODE_SIGN_STYLE = Automatic;
				DEVELOPMENT_TEAM = GBKPZ52HJ9;
				INFOPLIST_FILE = TodoListApp/Info.plist;
				LD_RUNPATH_SEARCH_PATHS = (
					"$(inherited)",
					"@executable_path/Frameworks",
				);
				PRODUCT_BUNDLE_IDENTIFIER = com.zawawa.TodoListApp;
				PRODUCT_NAME = "$(TARGET_NAME)";
				SWIFT_VERSION = 5.0;
				TARGETED_DEVICE_FAMILY = "1,2";
			};
			name = Release;
		};
/* End XCBuildConfiguration section */

/* Begin XCConfigurationList section */
		F8B04F9724F235BD0029D6C7 /* Build configuration list for PBXProject "TodoListApp" */ = {
			isa = XCConfigurationList;
			buildConfigurations = (
				F8B04FAE24F235BF0029D6C7 /* Debug */,
				F8B04FAF24F235BF0029D6C7 /* Release */,
			);
			defaultConfigurationIsVisible = 0;
			defaultConfigurationName = Release;
		};
		F8B04FB024F235BF0029D6C7 /* Build configuration list for PBXNativeTarget "TodoListApp" */ = {
			isa = XCConfigurationList;
			buildConfigurations = (
				F8B04FB124F235BF0029D6C7 /* Debug */,
				F8B04FB224F235BF0029D6C7 /* Release */,
			);
			defaultConfigurationIsVisible = 0;
			defaultConfigurationName = Release;
		};
/* End XCConfigurationList section */
	};
	rootObject = F8B04F9424F235BD0029D6C7 /* Project object */;
}
